
Microsoft Visual Studio Solution File, Format Version 12.00
# Visual Studio Version 16
VisualStudioVersion = 16.0.29403.142
MinimumVisualStudioVersion = 10.0.40219.1
Project("{FAE04EC0-301F-11D3-BF4B-00C04F79EFBC}") = "prueba", "prueba.csproj", "{68AC3102-EC5E-4A84-9D84-EEC16894CA5E}"
EndProject
Global
	GlobalSection(SolutionConfigurationPlatforms) = preSolution
		Debug|Any CPU = Debug|Any CPU
		Release|Any CPU = Release|Any CPU
	EndGlobalSection
	GlobalSection(ProjectConfigurationPlatforms) = postSolution
		{68AC3102-EC5E-4A84-9D84-EEC16894CA5E}.Debug|Any CPU.ActiveCfg = Debug|Any CPU
		{68AC3102-EC5E-4A84-9D84-EEC16894CA5E}.Debug|Any CPU.Build.0 = Debug|Any CPU
		{68AC3102-EC5E-4A84-9D84-EEC16894CA5E}.Release|Any CPU.ActiveCfg = Release|Any CPU
		{68AC3102-EC5E-4A84-9D84-EEC16894CA5E}.Release|Any CPU.Build.0 = Release|Any CPU
	EndGlobalSection
	GlobalSection(SolutionProperties) = preSolution
		HideSolutionNode = FALSE
	EndGlobalSection
	GlobalSection(ExtensibilityGlobals) = postSolution
		SolutionGuid = {970F5560-CEE8-423A-8C67-A1B8CA223AD2}
	EndGlobalSection
EndGlobal
